Microsoft Visual Studio Solution File, Format Version 12.00
# Visual Studio Version 17
VisualStudioVersion = 17.5.2.0
MinimumVisualStudioVersion = 10.0.40219.1
Project("{FAE04EC0-301F-11D3-BF4B-00C04F79EFBC}") = "BeautifulRuler", "BeautifulRuler.csproj", "{06D6A4B5-4D9E-4420-B488-8B0D416666CD}"
EndProject
Global
	GlobalSection(SolutionConfigurationPlatforms) = preSolution
		Debug|Any CPU = Debug|Any CPU
		Release|Any CPU = Release|Any CPU
	EndGlobalSection
	GlobalSection(ProjectConfigurationPlatforms) = postSolution
		{06D6A4B5-4D9E-4420-B488-8B0D416666CD}.Debug|Any CPU.ActiveCfg = Debug|Any CPU
		{06D6A4B5-4D9E-4420-B488-8B0D416666CD}.Debug|Any CPU.Build.0 = Debug|Any CPU
		{06D6A4B5-4D9E-4420-B488-8B0D416666CD}.Release|Any CPU.ActiveCfg = Release|Any CPU
		{06D6A4B5-4D9E-4420-B488-8B0D416666CD}.Release|Any CPU.Build.0 = Release|Any CPU
	EndGlobalSection
	GlobalSection(SolutionProperties) = preSolution
		HideSolutionNode = FALSE
	EndGlobalSection
	GlobalSection(ExtensibilityGlobals) = postSolution
		SolutionGuid = {BC7FC6BE-0620-47EF-B2A1-DAF77E8BC340}
	EndGlobalSection
EndGlobal
